
Microsoft Visual Studio Solution File, Format Version 12.00
# Visual Studio 15
VisualStudioVersion = 15.0.27130.0
MinimumVisualStudioVersion = 10.0.40219.1
Project("{2150E333-8FDC-42A3-9474-1A3956D46DE8}") = "src", "src", "{042CECB7-80C5-4A1C-AF22-A5AF4115ED88}"
EndProject
Project("{9A19103F-16F7-4668-BE54-9A1E7A4F7556}") = "Avalonia.Ide.CompletionEngine", "src\Avalonia.Ide.CompletionEngine\Avalonia.Ide.CompletionEngine.csproj", "{C7C7139F-612D-44F3-AB47-56737A0E8D3C}"
EndProject
Project("{FAE04EC0-301F-11D3-BF4B-00C04F79EFBC}") = "Avalonia.Ide.CompletionEngine.DnlibMetadataProvider", "src\Avalonia.Ide.CompletionEngine.DnlibMetadataProvider\Avalonia.Ide.CompletionEngine.DnlibMetadataProvider.csproj", "{C54E5FB7-D2F3-4FD1-A20A-3CA465CED8D0}"
EndProject
Project("{2150E333-8FDC-42A3-9474-1A3956D46DE8}") = "samples", "samples", "{1335F2A2-FE76-4219-A780-07998705F6B3}"
EndProject
Project("{FAE04EC0-301F-11D3-BF4B-00C04F79EFBC}") = "Editor.Wpf", "samples\Editor.Wpf\Editor.Wpf.csproj", "{1AEF8360-F2EA-4275-BE31-E09DB5AA9C58}"
EndProject
Project("{9A19103F-16F7-4668-BE54-9A1E7A4F7556}") = "Avalonia.Ide.CompletionEngine.SrmMetadataProvider", "src\Avalonia.Ide.CompletionEngine.SrmMetadataProvider\Avalonia.Ide.CompletionEngine.SrmMetadataProvider.csproj", "{FD142639-0F1C-4712-BA69-07415A491D56}"
EndProject
Project("{9A19103F-16F7-4668-BE54-9A1E7A4F7556}") = "Editor.Avalonia", "samples\Editor.Avalonia\Editor.Avalonia.csproj", "{45FBDBE8-1827-43F9-92A4-39052F7BADA0}"
EndProject
Project("{D954291E-2A0B-460D-934E-DC6B0785DB48}") = "Editor.Shared", "samples\Editor.Shared\Editor.Shared.shproj", "{411FBE58-FA4A-4918-BFB2-707D7558D297}"
EndProject
Project("{2150E333-8FDC-42A3-9474-1A3956D46DE8}") = "external", "external", "{B44ED41E-2FA1-469C-87F0-90172FAA6146}"
EndProject
Project("{FAE04EC0-301F-11D3-BF4B-00C04F79EFBC}") = "lsp", "src\external\lsp\lsp.csproj", "{06B3AFF1-DAA1-4897-ADEE-B2CC4F6F8FFC}"
EndProject
Project("{FAE04EC0-301F-11D3-BF4B-00C04F79EFBC}") = "Avalonia.Ide.LanguageServer", "src\Avalonia.Ide.LanguageServer\Avalonia.Ide.LanguageServer.csproj", "{1E65ECBB-2A24-4858-BD54-5B16156C590D}"
EndProject
Project("{FAE04EC0-301F-11D3-BF4B-00C04F79EFBC}") = "Avalonia.Ide.LanguageServer.MSBuild", "src\Avalonia.Ide.LanguageServer.MSBuild\Avalonia.Ide.LanguageServer.MSBuild.csproj", "{6DAD5C3D-483E-4FCA-962B-FE678C412860}"
EndProject
Project("{FAE04EC0-301F-11D3-BF4B-00C04F79EFBC}") = "pngcs", "src\external\pngcs\pngcs.csproj", "{B2621E3F-82E1-404C-838D-EFDCB8680779}"
EndProject
Project("{FAE04EC0-301F-11D3-BF4B-00C04F79EFBC}") = "Avalonia.Ide.WpfDesigner", "src\Avalonia.Ide.WpfDesigner\Avalonia.Ide.WpfDesigner.csproj", "{EC42600F-049B-43FF-AED1-8314D61B2749}"
EndProject
Project("{FAE04EC0-301F-11D3-BF4B-00C04F79EFBC}") = "AvaloniaEdit", "src\external\AvaloniaEdit\src\AvaloniaEdit\AvaloniaEdit.csproj", "{871CDA16-4E17-49FA-A8FC-841A3227B5E0}"
EndProject
Global
	GlobalSection(SharedMSBuildProjectFiles) = preSolution
		samples\Editor.Shared\Editor.Shared.projitems*{1aef8360-f2ea-4275-be31-e09db5aa9c58}*SharedItemsImports = 4
		samples\Editor.Shared\Editor.Shared.projitems*{411fbe58-fa4a-4918-bfb2-707d7558d297}*SharedItemsImports = 13
	EndGlobalSection
	GlobalSection(SolutionConfigurationPlatforms) = preSolution
		Debug|Any CPU = Debug|Any CPU
		Debug|x64 = Debug|x64
		Debug|x86 = Debug|x86
		Release|Any CPU = Release|Any CPU
		Release|x64 = Release|x64
		Release|x86 = Release|x86
	EndGlobalSection
	GlobalSection(ProjectConfigurationPlatforms) = postSolution
		{C7C7139F-612D-44F3-AB47-56737A0E8D3C}.Debug|Any CPU.ActiveCfg = Debug|Any CPU
		{C7C7139F-612D-44F3-AB47-56737A0E8D3C}.Debug|Any CPU.Build.0 = Debug|Any CPU
		{C7C7139F-612D-44F3-AB47-56737A0E8D3C}.Debug|x64.ActiveCfg = Debug|Any CPU
		{C7C7139F-612D-44F3-AB47-56737A0E8D3C}.Debug|x64.Build.0 = Debug|Any CPU
		{C7C7139F-612D-44F3-AB47-56737A0E8D3C}.Debug|x86.ActiveCfg = Debug|Any CPU
		{C7C7139F-612D-44F3-AB47-56737A0E8D3C}.Debug|x86.Build.0 = Debug|Any CPU
		{C7C7139F-612D-44F3-AB47-56737A0E8D3C}.Release|Any CPU.ActiveCfg = Release|Any CPU
		{C7C7139F-612D-44F3-AB47-56737A0E8D3C}.Release|Any CPU.Build.0 = Release|Any CPU
		{C7C7139F-612D-44F3-AB47-56737A0E8D3C}.Release|x64.ActiveCfg = Release|Any CPU
		{C7C7139F-612D-44F3-AB47-56737A0E8D3C}.Release|x64.Build.0 = Release|Any CPU
		{C7C7139F-612D-44F3-AB47-56737A0E8D3C}.Release|x86.ActiveCfg = Release|Any CPU
		{C7C7139F-612D-44F3-AB47-56737A0E8D3C}.Release|x86.Build.0 = Release|Any CPU
		{C54E5FB7-D2F3-4FD1-A20A-3CA465CED8D0}.Debug|Any CPU.ActiveCfg = Debug|Any CPU
		{C54E5FB7-D2F3-4FD1-A20A-3CA465CED8D0}.Debug|Any CPU.Build.0 = Debug|Any CPU
		{C54E5FB7-D2F3-4FD1-A20A-3CA465CED8D0}.Debug|x64.ActiveCfg = Debug|Any CPU
		{C54E5FB7-D2F3-4FD1-A20A-3CA465CED8D0}.Debug|x64.Build.0 = Debug|Any CPU
		{C54E5FB7-D2F3-4FD1-A20A-3CA465CED8D0}.Debug|x86.ActiveCfg = Debug|Any CPU
		{C54E5FB7-D2F3-4FD1-A20A-3CA465CED8D0}.Debug|x86.Build.0 = Debug|Any CPU
		{C54E5FB7-D2F3-4FD1-A20A-3CA465CED8D0}.Release|Any CPU.ActiveCfg = Release|Any CPU
		{C54E5FB7-D2F3-4FD1-A20A-3CA465CED8D0}.Release|Any CPU.Build.0 = Release|Any CPU
		{C54E5FB7-D2F3-4FD1-A20A-3CA465CED8D0}.Release|x64.ActiveCfg = Release|Any CPU
		{C54E5FB7-D2F3-4FD1-A20A-3CA465CED8D0}.Release|x64.Build.0 = Release|Any CPU
		{C54E5FB7-D2F3-4FD1-A20A-3CA465CED8D0}.Release|x86.ActiveCfg = Release|Any CPU
		{C54E5FB7-D2F3-4FD1-A20A-3CA465CED8D0}.Release|x86.Build.0 = Release|Any CPU
		{1AEF8360-F2EA-4275-BE31-E09DB5AA9C58}.Debug|Any CPU.ActiveCfg = Debug|Any CPU
		{1AEF8360-F2EA-4275-BE31-E09DB5AA9C58}.Debug|Any CPU.Build.0 = Debug|Any CPU
		{1AEF8360-F2EA-4275-BE31-E09DB5AA9C58}.Debug|x64.ActiveCfg = Debug|Any CPU
		{1AEF8360-F2EA-4275-BE31-E09DB5AA9C58}.Debug|x64.Build.0 = Debug|Any CPU
		{1AEF8360-F2EA-4275-BE31-E09DB5AA9C58}.Debug|x86.ActiveCfg = Debug|Any CPU
		{1AEF8360-F2EA-4275-BE31-E09DB5AA9C58}.Debug|x86.Build.0 = Debug|Any CPU
		{1AEF8360-F2EA-4275-BE31-E09DB5AA9C58}.Release|Any CPU.ActiveCfg = Release|Any CPU
		{1AEF8360-F2EA-4275-BE31-E09DB5AA9C58}.Release|Any CPU.Build.0 = Release|Any CPU
		{1AEF8360-F2EA-4275-BE31-E09DB5AA9C58}.Release|x64.ActiveCfg = Release|Any CPU
		{1AEF8360-F2EA-4275-BE31-E09DB5AA9C58}.Release|x64.Build.0 = Release|Any CPU
		{1AEF8360-F2EA-4275-BE31-E09DB5AA9C58}.Release|x86.ActiveCfg = Release|Any CPU
		{1AEF8360-F2EA-4275-BE31-E09DB5AA9C58}.Release|x86.Build.0 = Release|Any CPU
		{FD142639-0F1C-4712-BA69-07415A491D56}.Debug|Any CPU.ActiveCfg = Debug|Any CPU
		{FD142639-0F1C-4712-BA69-07415A491D56}.Debug|Any CPU.Build.0 = Debug|Any CPU
		{FD142639-0F1C-4712-BA69-07415A491D56}.Debug|x64.ActiveCfg = Debug|Any CPU
		{FD142639-0F1C-4712-BA69-07415A491D56}.Debug|x64.Build.0 = Debug|Any CPU
		{FD142639-0F1C-4712-BA69-07415A491D56}.Debug|x86.ActiveCfg = Debug|Any CPU
		{FD142639-0F1C-4712-BA69-07415A491D56}.Debug|x86.Build.0 = Debug|Any CPU
		{FD142639-0F1C-4712-BA69-07415A491D56}.Release|Any CPU.ActiveCfg = Release|Any CPU
		{FD142639-0F1C-4712-BA69-07415A491D56}.Release|Any CPU.Build.0 = Release|Any CPU
		{FD142639-0F1C-4712-BA69-07415A491D56}.Release|x64.ActiveCfg = Release|Any CPU
		{FD142639-0F1C-4712-BA69-07415A491D56}.Release|x64.Build.0 = Release|Any CPU
		{FD142639-0F1C-4712-BA69-07415A491D56}.Release|x86.ActiveCfg = Release|Any CPU
		{FD142639-0F1C-4712-BA69-07415A491D56}.Release|x86.Build.0 = Release|Any CPU
		{45FBDBE8-1827-43F9-92A4-39052F7BADA0}.Debug|Any CPU.ActiveCfg = Debug|Any CPU
		{45FBDBE8-1827-43F9-92A4-39052F7BADA0}.Debug|Any CPU.Build.0 = Debug|Any CPU
		{45FBDBE8-1827-43F9-92A4-39052F7BADA0}.Debug|x64.ActiveCfg = Debug|Any CPU
		{45FBDBE8-1827-43F9-92A4-39052F7BADA0}.Debug|x64.Build.0 = Debug|Any CPU
		{45FBDBE8-1827-43F9-92A4-39052F7BADA0}.Debug|x86.ActiveCfg = Debug|Any CPU
		{45FBDBE8-1827-43F9-92A4-39052F7BADA0}.Debug|x86.Build.0 = Debug|Any CPU
		{45FBDBE8-1827-43F9-92A4-39052F7BADA0}.Release|Any CPU.ActiveCfg = Release|Any CPU
		{45FBDBE8-1827-43F9-92A4-39052F7BADA0}.Release|Any CPU.Build.0 = Release|Any CPU
		{45FBDBE8-1827-43F9-92A4-39052F7BADA0}.Release|x64.ActiveCfg = Release|Any CPU
		{45FBDBE8-1827-43F9-92A4-39052F7BADA0}.Release|x64.Build.0 = Release|Any CPU
		{45FBDBE8-1827-43F9-92A4-39052F7BADA0}.Release|x86.ActiveCfg = Release|Any CPU
		{45FBDBE8-1827-43F9-92A4-39052F7BADA0}.Release|x86.Build.0 = Release|Any CPU
		{06B3AFF1-DAA1-4897-ADEE-B2CC4F6F8FFC}.Debug|Any CPU.ActiveCfg = Debug|Any CPU
		{06B3AFF1-DAA1-4897-ADEE-B2CC4F6F8FFC}.Debug|Any CPU.Build.0 = Debug|Any CPU
		{06B3AFF1-DAA1-4897-ADEE-B2CC4F6F8FFC}.Debug|x64.ActiveCfg = Debug|x64
		{06B3AFF1-DAA1-4897-ADEE-B2CC4F6F8FFC}.Debug|x64.Build.0 = Debug|x64
		{06B3AFF1-DAA1-4897-ADEE-B2CC4F6F8FFC}.Debug|x86.ActiveCfg = Debug|x86
		{06B3AFF1-DAA1-4897-ADEE-B2CC4F6F8FFC}.Debug|x86.Build.0 = Debug|x86
		{06B3AFF1-DAA1-4897-ADEE-B2CC4F6F8FFC}.Release|Any CPU.ActiveCfg = Release|Any CPU
		{06B3AFF1-DAA1-4897-ADEE-B2CC4F6F8FFC}.Release|Any CPU.Build.0 = Release|Any CPU
		{06B3AFF1-DAA1-4897-ADEE-B2CC4F6F8FFC}.Release|x64.ActiveCfg = Release|x64
		{06B3AFF1-DAA1-4897-ADEE-B2CC4F6F8FFC}.Release|x64.Build.0 = Release|x64
		{06B3AFF1-DAA1-4897-ADEE-B2CC4F6F8FFC}.Release|x86.ActiveCfg = Release|x86
		{06B3AFF1-DAA1-4897-ADEE-B2CC4F6F8FFC}.Release|x86.Build.0 = Release|x86
		{1E65ECBB-2A24-4858-BD54-5B16156C590D}.Debug|Any CPU.ActiveCfg = Debug|Any CPU
		{1E65ECBB-2A24-4858-BD54-5B16156C590D}.Debug|Any CPU.Build.0 = Debug|Any CPU
		{1E65ECBB-2A24-4858-BD54-5B16156C590D}.Debug|x64.ActiveCfg = Debug|x64
		{1E65ECBB-2A24-4858-BD54-5B16156C590D}.Debug|x64.Build.0 = Debug|x64
		{1E65ECBB-2A24-4858-BD54-5B16156C590D}.Debug|x86.ActiveCfg = Debug|x86
		{1E65ECBB-2A24-4858-BD54-5B16156C590D}.Debug|x86.Build.0 = Debug|x86
		{1E65ECBB-2A24-4858-BD54-5B16156C590D}.Release|Any CPU.ActiveCfg = Release|Any CPU
		{1E65ECBB-2A24-4858-BD54-5B16156C590D}.Release|Any CPU.Build.0 = Release|Any CPU
		{1E65ECBB-2A24-4858-BD54-5B16156C590D}.Release|x64.ActiveCfg = Release|x64
		{1E65ECBB-2A24-4858-BD54-5B16156C590D}.Release|x64.Build.0 = Release|x64
		{1E65ECBB-2A24-4858-BD54-5B16156C590D}.Release|x86.ActiveCfg = Release|x86
		{1E65ECBB-2A24-4858-BD54-5B16156C590D}.Release|x86.Build.0 = Release|x86
		{6DAD5C3D-483E-4FCA-962B-FE678C412860}.Debug|Any CPU.ActiveCfg = Debug|Any CPU
		{6DAD5C3D-483E-4FCA-962B-FE678C412860}.Debug|Any CPU.Build.0 = Debug|Any CPU
		{6DAD5C3D-483E-4FCA-962B-FE678C412860}.Debug|x64.ActiveCfg = Debug|x64
		{6DAD5C3D-483E-4FCA-962B-FE678C412860}.Debug|x64.Build.0 = Debug|x64
		{6DAD5C3D-483E-4FCA-962B-FE678C412860}.Debug|x86.ActiveCfg = Debug|x86
		{6DAD5C3D-483E-4FCA-962B-FE678C412860}.Debug|x86.Build.0 = Debug|x86
		{6DAD5C3D-483E-4FCA-962B-FE678C412860}.Release|Any CPU.ActiveCfg = Release|Any CPU
		{6DAD5C3D-483E-4FCA-962B-FE678C412860}.Release|Any CPU.Build.0 = Release|Any CPU
		{6DAD5C3D-483E-4FCA-962B-FE678C412860}.Release|x64.ActiveCfg = Release|x64
		{6DAD5C3D-483E-4FCA-962B-FE678C412860}.Release|x64.Build.0 = Release|x64
		{6DAD5C3D-483E-4FCA-962B-FE678C412860}.Release|x86.ActiveCfg = Release|x86
		{6DAD5C3D-483E-4FCA-962B-FE678C412860}.Release|x86.Build.0 = Release|x86
		{B2621E3F-82E1-404C-838D-EFDCB8680779}.Debug|Any CPU.ActiveCfg = Debug|Any CPU
		{B2621E3F-82E1-404C-838D-EFDCB8680779}.Debug|Any CPU.Build.0 = Debug|Any CPU
		{B2621E3F-82E1-404C-838D-EFDCB8680779}.Debug|x64.ActiveCfg = Debug|x64
		{B2621E3F-82E1-404C-838D-EFDCB8680779}.Debug|x64.Build.0 = Debug|x64
		{B2621E3F-82E1-404C-838D-EFDCB8680779}.Debug|x86.ActiveCfg = Debug|x86
		{B2621E3F-82E1-404C-838D-EFDCB8680779}.Debug|x86.Build.0 = Debug|x86
		{B2621E3F-82E1-404C-838D-EFDCB8680779}.Release|Any CPU.ActiveCfg = Release|Any CPU
		{B2621E3F-82E1-404C-838D-EFDCB8680779}.Release|Any CPU.Build.0 = Release|Any CPU
		{B2621E3F-82E1-404C-838D-EFDCB8680779}.Release|x64.ActiveCfg = Release|x64
		{B2621E3F-82E1-404C-838D-EFDCB8680779}.Release|x64.Build.0 = Release|x64
		{B2621E3F-82E1-404C-838D-EFDCB8680779}.Release|x86.ActiveCfg = Release|x86
		{B2621E3F-82E1-404C-838D-EFDCB8680779}.Release|x86.Build.0 = Release|x86
		{EC42600F-049B-43FF-AED1-8314D61B2749}.Debug|Any CPU.ActiveCfg = Debug|Any CPU
		{EC42600F-049B-43FF-AED1-8314D61B2749}.Debug|Any CPU.Build.0 = Debug|Any CPU
		{EC42600F-049B-43FF-AED1-8314D61B2749}.Debug|x64.ActiveCfg = Debug|Any CPU
		{EC42600F-049B-43FF-AED1-8314D61B2749}.Debug|x64.Build.0 = Debug|Any CPU
		{EC42600F-049B-43FF-AED1-8314D61B2749}.Debug|x86.ActiveCfg = Debug|Any CPU
		{EC42600F-049B-43FF-AED1-8314D61B2749}.Debug|x86.Build.0 = Debug|Any CPU
		{EC42600F-049B-43FF-AED1-8314D61B2749}.Release|Any CPU.ActiveCfg = Release|Any CPU
		{EC42600F-049B-43FF-AED1-8314D61B2749}.Release|Any CPU.Build.0 = Release|Any CPU
		{EC42600F-049B-43FF-AED1-8314D61B2749}.Release|x64.ActiveCfg = Release|Any CPU
		{EC42600F-049B-43FF-AED1-8314D61B2749}.Release|x64.Build.0 = Release|Any CPU
		{EC42600F-049B-43FF-AED1-8314D61B2749}.Release|x86.ActiveCfg = Release|Any CPU
		{EC42600F-049B-43FF-AED1-8314D61B2749}.Release|x86.Build.0 = Release|Any CPU
		{871CDA16-4E17-49FA-A8FC-841A3227B5E0}.Debug|Any CPU.ActiveCfg = Debug|Any CPU
		{871CDA16-4E17-49FA-A8FC-841A3227B5E0}.Debug|Any CPU.Build.0 = Debug|Any CPU
		{871CDA16-4E17-49FA-A8FC-841A3227B5E0}.Debug|x64.ActiveCfg = Debug|Any CPU
		{871CDA16-4E17-49FA-A8FC-841A3227B5E0}.Debug|x64.Build.0 = Debug|Any CPU
		{871CDA16-4E17-49FA-A8FC-841A3227B5E0}.Debug|x86.ActiveCfg = Debug|Any CPU
		{871CDA16-4E17-49FA-A8FC-841A3227B5E0}.Debug|x86.Build.0 = Debug|Any CPU
		{871CDA16-4E17-49FA-A8FC-841A3227B5E0}.Release|Any CPU.ActiveCfg = Release|Any CPU
		{871CDA16-4E17-49FA-A8FC-841A3227B5E0}.Release|Any CPU.Build.0 = Release|Any CPU
		{871CDA16-4E17-49FA-A8FC-841A3227B5E0}.Release|x64.ActiveCfg = Release|Any CPU
		{871CDA16-4E17-49FA-A8FC-841A3227B5E0}.Release|x64.Build.0 = Release|Any CPU
		{871CDA16-4E17-49FA-A8FC-841A3227B5E0}.Release|x86.ActiveCfg = Release|Any CPU
		{871CDA16-4E17-49FA-A8FC-841A3227B5E0}.Release|x86.Build.0 = Release|Any CPU
	EndGlobalSection
	GlobalSection(SolutionProperties) = preSolution
		HideSolutionNode = FALSE
	EndGlobalSection
	GlobalSection(NestedProjects) = preSolution
		{C7C7139F-612D-44F3-AB47-56737A0E8D3C} = {042CECB7-80C5-4A1C-AF22-A5AF4115ED88}
		{C54E5FB7-D2F3-4FD1-A20A-3CA465CED8D0} = {042CECB7-80C5-4A1C-AF22-A5AF4115ED88}
		{1AEF8360-F2EA-4275-BE31-E09DB5AA9C58} = {1335F2A2-FE76-4219-A780-07998705F6B3}
		{FD142639-0F1C-4712-BA69-07415A491D56} = {042CECB7-80C5-4A1C-AF22-A5AF4115ED88}
		{45FBDBE8-1827-43F9-92A4-39052F7BADA0} = {1335F2A2-FE76-4219-A780-07998705F6B3}
		{411FBE58-FA4A-4918-BFB2-707D7558D297} = {1335F2A2-FE76-4219-A780-07998705F6B3}
		{B44ED41E-2FA1-469C-87F0-90172FAA6146} = {042CECB7-80C5-4A1C-AF22-A5AF4115ED88}
		{06B3AFF1-DAA1-4897-ADEE-B2CC4F6F8FFC} = {B44ED41E-2FA1-469C-87F0-90172FAA6146}
		{1E65ECBB-2A24-4858-BD54-5B16156C590D} = {042CECB7-80C5-4A1C-AF22-A5AF4115ED88}
		{6DAD5C3D-483E-4FCA-962B-FE678C412860} = {042CECB7-80C5-4A1C-AF22-A5AF4115ED88}
		{B2621E3F-82E1-404C-838D-EFDCB8680779} = {B44ED41E-2FA1-469C-87F0-90172FAA6146}
		{EC42600F-049B-43FF-AED1-8314D61B2749} = {042CECB7-80C5-4A1C-AF22-A5AF4115ED88}
		{871CDA16-4E17-49FA-A8FC-841A3227B5E0} = {B44ED41E-2FA1-469C-87F0-90172FAA6146}
	EndGlobalSection
	GlobalSection(ExtensibilityGlobals) = postSolution
		SolutionGuid = {95BF2E74-047C-4986-940E-12884B41C4CC}
	EndGlobalSection
EndGlobal
